
Microsoft Visual Studio Solution File, Format Version 12.00
# Visual Studio Version 17
VisualStudioVersion = 17.14.36212.18
MinimumVisualStudioVersion = 10.0.40219.1
Project("{2150E333-8FDC-42A3-9474-1A3956D46DE8}") = "App", "App", "{02EA681E-C7D8-13C7-8484-4AC65E1B71E8}"
EndProject
Project("{2150E333-8FDC-42A3-9474-1A3956D46DE8}") = "Domain", "Domain", "{69ECD5EF-30FC-42A2-9E1B-426FF5FC1BAD}"
EndProject
Project("{2150E333-8FDC-42A3-9474-1A3956D46DE8}") = "Application", "Application", "{97A2FB35-E9F5-414D-83FF-92A418765436}"
EndProject
Project("{2150E333-8FDC-42A3-9474-1A3956D46DE8}") = "Presentation", "Presentation", "{43FBF929-DF75-4548-A6EB-0579F9F68143}"
EndProject
Project("{2150E333-8FDC-42A3-9474-1A3956D46DE8}") = "Infrastructure", "Infrastructure", "{8236D146-F737-4F6A-8E0E-BBD44A015A20}"
EndProject
Project("{2150E333-8FDC-42A3-9474-1A3956D46DE8}") = "WebApp", "WebApp", "{E592CC6C-49B2-4F67-B3A5-CA3222D9765F}"
EndProject
Project("{2150E333-8FDC-42A3-9474-1A3956D46DE8}") = "WebApi", "WebApi", "{1A240E65-BC41-4096-989D-56934095F4C5}"
EndProject
Project("{FAE04EC0-301F-11D3-BF4B-00C04F79EFBC}") = "Infrastructure.Identity", "Infrastructure.Identity\Infrastructure.Identity.csproj", "{05264C14-5E69-438B-9604-8C6C046071FD}"
EndProject
Project("{FAE04EC0-301F-11D3-BF4B-00C04F79EFBC}") = "Infrastructure.Shared", "Infrastructure.Shared\Infrastructure.Shared.csproj", "{347D5B2C-B264-4F15-8880-A08B6B152391}"
EndProject
Project("{FAE04EC0-301F-11D3-BF4B-00C04F79EFBC}") = "Infrastructure.Persistence", "Infrastructure.Persistence\Infrastructure.Persistence.csproj", "{D522755A-65C8-450A-BDB5-11C9B58E827F}"
EndProject
Project("{FAE04EC0-301F-11D3-BF4B-00C04F79EFBC}") = "Application", "Application\Application.csproj", "{394FB1B3-AA44-481C-BE54-206BF2A67D99}"
EndProject
Project("{FAE04EC0-301F-11D3-BF4B-00C04F79EFBC}") = "Domain", "Domain\Domain.csproj", "{E094A138-78A6-48F2-A564-41C4BF33F8E8}"
EndProject
Project("{FAE04EC0-301F-11D3-BF4B-00C04F79EFBC}") = "RealEstateApp", "RealEstateApp\RealEstateApp.csproj", "{C8B11AC8-BA6F-52F6-BF00-9687BDBA59D6}"
EndProject
Project("{FAE04EC0-301F-11D3-BF4B-00C04F79EFBC}") = "RealEstateApi", "RealEstateApi\RealEstateApi.csproj", "{C5A05B99-C0F4-4A23-AAE9-EC1F377C3BF7}"
EndProject
Project("{2150E333-8FDC-42A3-9474-1A3956D46DE8}") = "Tests", "Tests", "{9E4F7817-627F-4D1C-9D1C-1DF7D8C9C8E7}"
EndProject
Project("{FAE04EC0-301F-11D3-BF4B-00C04F79EFBC}") = "RealEstateApp.Integration.Tests", "RealEstateApp.Integration.Tests\RealEstateApp.Integration.Tests.csproj", "{6FF75644-D08D-403C-A251-3935173081A8}"
EndProject
Project("{FAE04EC0-301F-11D3-BF4B-00C04F79EFBC}") = "RealEstateApp.Unit.Tests", "RealEstateApp.Unit.Tests\RealEstateApp.Unit.Tests.csproj", "{9944C5AD-5BD8-429E-AF8D-1B1EE90D01C4}"
EndProject
Global
	GlobalSection(SolutionConfigurationPlatforms) = preSolution
		Debug|Any CPU = Debug|Any CPU
		Release|Any CPU = Release|Any CPU
	EndGlobalSection
	GlobalSection(ProjectConfigurationPlatforms) = postSolution
		{05264C14-5E69-438B-9604-8C6C046071FD}.Debug|Any CPU.ActiveCfg = Debug|Any CPU
		{05264C14-5E69-438B-9604-8C6C046071FD}.Debug|Any CPU.Build.0 = Debug|Any CPU
		{05264C14-5E69-438B-9604-8C6C046071FD}.Release|Any CPU.ActiveCfg = Release|Any CPU
		{05264C14-5E69-438B-9604-8C6C046071FD}.Release|Any CPU.Build.0 = Release|Any CPU
		{347D5B2C-B264-4F15-8880-A08B6B152391}.Debug|Any CPU.ActiveCfg = Debug|Any CPU
		{347D5B2C-B264-4F15-8880-A08B6B152391}.Debug|Any CPU.Build.0 = Debug|Any CPU
		{347D5B2C-B264-4F15-8880-A08B6B152391}.Release|Any CPU.ActiveCfg = Release|Any CPU
		{347D5B2C-B264-4F15-8880-A08B6B152391}.Release|Any CPU.Build.0 = Release|Any CPU
		{D522755A-65C8-450A-BDB5-11C9B58E827F}.Debug|Any CPU.ActiveCfg = Debug|Any CPU
		{D522755A-65C8-450A-BDB5-11C9B58E827F}.Debug|Any CPU.Build.0 = Debug|Any CPU
		{D522755A-65C8-450A-BDB5-11C9B58E827F}.Release|Any CPU.ActiveCfg = Release|Any CPU
		{D522755A-65C8-450A-BDB5-11C9B58E827F}.Release|Any CPU.Build.0 = Release|Any CPU
		{394FB1B3-AA44-481C-BE54-206BF2A67D99}.Debug|Any CPU.ActiveCfg = Debug|Any CPU
		{394FB1B3-AA44-481C-BE54-206BF2A67D99}.Debug|Any CPU.Build.0 = Debug|Any CPU
		{394FB1B3-AA44-481C-BE54-206BF2A67D99}.Release|Any CPU.ActiveCfg = Release|Any CPU
		{394FB1B3-AA44-481C-BE54-206BF2A67D99}.Release|Any CPU.Build.0 = Release|Any CPU
		{E094A138-78A6-48F2-A564-41C4BF33F8E8}.Debug|Any CPU.ActiveCfg = Debug|Any CPU
		{E094A138-78A6-48F2-A564-41C4BF33F8E8}.Debug|Any CPU.Build.0 = Debug|Any CPU
		{E094A138-78A6-48F2-A564-41C4BF33F8E8}.Release|Any CPU.ActiveCfg = Release|Any CPU
		{E094A138-78A6-48F2-A564-41C4BF33F8E8}.Release|Any CPU.Build.0 = Release|Any CPU
		{C8B11AC8-BA6F-52F6-BF00-9687BDBA59D6}.Debug|Any CPU.ActiveCfg = Debug|Any CPU
		{C8B11AC8-BA6F-52F6-BF00-9687BDBA59D6}.Debug|Any CPU.Build.0 = Debug|Any CPU
		{C8B11AC8-BA6F-52F6-BF00-9687BDBA59D6}.Release|Any CPU.ActiveCfg = Release|Any CPU
		{C8B11AC8-BA6F-52F6-BF00-9687BDBA59D6}.Release|Any CPU.Build.0 = Release|Any CPU
		{C5A05B99-C0F4-4A23-AAE9-EC1F377C3BF7}.Debug|Any CPU.ActiveCfg = Debug|Any CPU
		{C5A05B99-C0F4-4A23-AAE9-EC1F377C3BF7}.Debug|Any CPU.Build.0 = Debug|Any CPU
		{C5A05B99-C0F4-4A23-AAE9-EC1F377C3BF7}.Release|Any CPU.ActiveCfg = Release|Any CPU
		{C5A05B99-C0F4-4A23-AAE9-EC1F377C3BF7}.Release|Any CPU.Build.0 = Release|Any CPU
		{6FF75644-D08D-403C-A251-3935173081A8}.Debug|Any CPU.ActiveCfg = Debug|Any CPU
		{6FF75644-D08D-403C-A251-3935173081A8}.Debug|Any CPU.Build.0 = Debug|Any CPU
		{6FF75644-D08D-403C-A251-3935173081A8}.Release|Any CPU.ActiveCfg = Release|Any CPU
		{6FF75644-D08D-403C-A251-3935173081A8}.Release|Any CPU.Build.0 = Release|Any CPU
		{9944C5AD-5BD8-429E-AF8D-1B1EE90D01C4}.Debug|Any CPU.ActiveCfg = Debug|Any CPU
		{9944C5AD-5BD8-429E-AF8D-1B1EE90D01C4}.Debug|Any CPU.Build.0 = Debug|Any CPU
		{9944C5AD-5BD8-429E-AF8D-1B1EE90D01C4}.Release|Any CPU.ActiveCfg = Release|Any CPU
		{9944C5AD-5BD8-429E-AF8D-1B1EE90D01C4}.Release|Any CPU.Build.0 = Release|Any CPU
	EndGlobalSection
	GlobalSection(SolutionProperties) = preSolution
		HideSolutionNode = FALSE
	EndGlobalSection
	GlobalSection(NestedProjects) = preSolution
		{69ECD5EF-30FC-42A2-9E1B-426FF5FC1BAD} = {02EA681E-C7D8-13C7-8484-4AC65E1B71E8}
		{97A2FB35-E9F5-414D-83FF-92A418765436} = {02EA681E-C7D8-13C7-8484-4AC65E1B71E8}
		{43FBF929-DF75-4548-A6EB-0579F9F68143} = {02EA681E-C7D8-13C7-8484-4AC65E1B71E8}
		{8236D146-F737-4F6A-8E0E-BBD44A015A20} = {02EA681E-C7D8-13C7-8484-4AC65E1B71E8}
		{E592CC6C-49B2-4F67-B3A5-CA3222D9765F} = {43FBF929-DF75-4548-A6EB-0579F9F68143}
		{1A240E65-BC41-4096-989D-56934095F4C5} = {43FBF929-DF75-4548-A6EB-0579F9F68143}
		{05264C14-5E69-438B-9604-8C6C046071FD} = {8236D146-F737-4F6A-8E0E-BBD44A015A20}
		{347D5B2C-B264-4F15-8880-A08B6B152391} = {8236D146-F737-4F6A-8E0E-BBD44A015A20}
		{D522755A-65C8-450A-BDB5-11C9B58E827F} = {8236D146-F737-4F6A-8E0E-BBD44A015A20}
		{394FB1B3-AA44-481C-BE54-206BF2A67D99} = {97A2FB35-E9F5-414D-83FF-92A418765436}
		{E094A138-78A6-48F2-A564-41C4BF33F8E8} = {69ECD5EF-30FC-42A2-9E1B-426FF5FC1BAD}
		{C8B11AC8-BA6F-52F6-BF00-9687BDBA59D6} = {E592CC6C-49B2-4F67-B3A5-CA3222D9765F}
		{C5A05B99-C0F4-4A23-AAE9-EC1F377C3BF7} = {1A240E65-BC41-4096-989D-56934095F4C5}
		{9E4F7817-627F-4D1C-9D1C-1DF7D8C9C8E7} = {02EA681E-C7D8-13C7-8484-4AC65E1B71E8}
		{6FF75644-D08D-403C-A251-3935173081A8} = {9E4F7817-627F-4D1C-9D1C-1DF7D8C9C8E7}
		{9944C5AD-5BD8-429E-AF8D-1B1EE90D01C4} = {9E4F7817-627F-4D1C-9D1C-1DF7D8C9C8E7}
	EndGlobalSection
	GlobalSection(ExtensibilityGlobals) = postSolution
		SolutionGuid = {90689E05-E4DE-48D7-9DEE-BAD09441015E}
	EndGlobalSection
EndGlobal
